Microsoft Visual Studio Solution File, Format Version 12.00
# Visual Studio 15
VisualStudioVersion = 15.0.26124.0
MinimumVisualStudioVersion = 15.0.26124.0
Project("{2150E333-8FDC-42A3-9474-1A3956D46DE8}") = "0 - Presentation", "0 - Presentation", "{5F7210FC-4DF2-4727-946B-F30C8C2B35DE}"
EndProject
Project("{2150E333-8FDC-42A3-9474-1A3956D46DE8}") = "1 - Domain", "1 - Domain", "{C02DB00E-E465-4ED9-8E5E-4982543CF4F7}"
EndProject
Project("{2150E333-8FDC-42A3-9474-1A3956D46DE8}") = "2 - Infra", "2 - Infra", "{162F2364-6E52-453B-B66A-FD1DBB93B4C3}"
EndProject
Project("{2150E333-8FDC-42A3-9474-1A3956D46DE8}") = "3 - Cross", "3 - Cross", "{34E47102-0635-4D72-8D6E-E47F2B0ED0A3}"
EndProject
Project("{2150E333-8FDC-42A3-9474-1A3956D46DE8}") = "4 - Test", "4 - Test", "{AB8EB3DB-721F-4DBC-AC3F-7C018CC12A63}"
EndProject
Project("{FAE04EC0-301F-11D3-BF4B-00C04F79EFBC}") = "LSC.Infra.Data", "LSC.Infra.Data\LSC.Infra.Data.csproj", "{696719CD-97FE-45BF-8E42-05E3880704D1}"
EndProject
Project("{FAE04EC0-301F-11D3-BF4B-00C04F79EFBC}") = "LSC.ConsoleTest", "LSC.ConsoleTest\LSC.ConsoleTest.csproj", "{DC4566AE-663D-4689-9E9A-626967CE9FEE}"
EndProject
Project("{FAE04EC0-301F-11D3-BF4B-00C04F79EFBC}") = "LSC.Cross", "LSC.Cross\LSC.Cross.csproj", "{6B8DE898-F2BF-4F7B-A9D3-6EA77DF8DC80}"
EndProject
Project("{FAE04EC0-301F-11D3-BF4B-00C04F79EFBC}") = "LSC.Infra.Repository", "LSC.Infra.Repository\LSC.Infra.Repository.csproj", "{D27A04BA-61BC-4D0F-A10F-C367A4CF457B}"
EndProject
Project("{FAE04EC0-301F-11D3-BF4B-00C04F79EFBC}") = "LSC.Domain", "LSC.Domain\LSC.Domain.csproj", "{3163DF9D-0688-4544-8F54-30662EF3D08A}"
EndProject
Project("{FAE04EC0-301F-11D3-BF4B-00C04F79EFBC}") = "LSC.Api", "LSC.Api\LSC.Api.csproj", "{691766B3-3BC8-4E4F-AA14-A960AF20167E}"
EndProject
Project("{FAE04EC0-301F-11D3-BF4B-00C04F79EFBC}") = "LSC.WebApi.Client", "LSC.WebApi.Client\LSC.WebApi.Client.csproj", "{A5DF6E52-AB8F-45AC-BF09-3CFE9BB22BA8}"
EndProject
Project("{FAE04EC0-301F-11D3-BF4B-00C04F79EFBC}") = "LSC.Desktop.App", "LSC.Desktop.App\LSC.Desktop.App.csproj", "{EDACEC84-C5CA-4510-B2C1-01440423AE76}"
EndProject
Global
	GlobalSection(SolutionConfigurationPlatforms) = preSolution
		Debug|Any CPU = Debug|Any CPU
		Release|Any CPU = Release|Any CPU
	EndGlobalSection
	GlobalSection(ProjectConfigurationPlatforms) = postSolution
		{696719CD-97FE-45BF-8E42-05E3880704D1}.Debug|Any CPU.ActiveCfg = Debug|Any CPU
		{696719CD-97FE-45BF-8E42-05E3880704D1}.Debug|Any CPU.Build.0 = Debug|Any CPU
		{696719CD-97FE-45BF-8E42-05E3880704D1}.Release|Any CPU.ActiveCfg = Release|Any CPU
		{696719CD-97FE-45BF-8E42-05E3880704D1}.Release|Any CPU.Build.0 = Release|Any CPU
		{DC4566AE-663D-4689-9E9A-626967CE9FEE}.Debug|Any CPU.ActiveCfg = Debug|Any CPU
		{DC4566AE-663D-4689-9E9A-626967CE9FEE}.Debug|Any CPU.Build.0 = Debug|Any CPU
		{DC4566AE-663D-4689-9E9A-626967CE9FEE}.Release|Any CPU.ActiveCfg = Release|Any CPU
		{DC4566AE-663D-4689-9E9A-626967CE9FEE}.Release|Any CPU.Build.0 = Release|Any CPU
		{6B8DE898-F2BF-4F7B-A9D3-6EA77DF8DC80}.Debug|Any CPU.ActiveCfg = Debug|Any CPU
		{6B8DE898-F2BF-4F7B-A9D3-6EA77DF8DC80}.Debug|Any CPU.Build.0 = Debug|Any CPU
		{6B8DE898-F2BF-4F7B-A9D3-6EA77DF8DC80}.Release|Any CPU.ActiveCfg = Release|Any CPU
		{6B8DE898-F2BF-4F7B-A9D3-6EA77DF8DC80}.Release|Any CPU.Build.0 = Release|Any CPU
		{D27A04BA-61BC-4D0F-A10F-C367A4CF457B}.Debug|Any CPU.ActiveCfg = Debug|Any CPU
		{D27A04BA-61BC-4D0F-A10F-C367A4CF457B}.Debug|Any CPU.Build.0 = Debug|Any CPU
		{D27A04BA-61BC-4D0F-A10F-C367A4CF457B}.Release|Any CPU.ActiveCfg = Release|Any CPU
		{D27A04BA-61BC-4D0F-A10F-C367A4CF457B}.Release|Any CPU.Build.0 = Release|Any CPU
		{3163DF9D-0688-4544-8F54-30662EF3D08A}.Debug|Any CPU.ActiveCfg = Debug|Any CPU
		{3163DF9D-0688-4544-8F54-30662EF3D08A}.Debug|Any CPU.Build.0 = Debug|Any CPU
		{3163DF9D-0688-4544-8F54-30662EF3D08A}.Release|Any CPU.ActiveCfg = Release|Any CPU
		{3163DF9D-0688-4544-8F54-30662EF3D08A}.Release|Any CPU.Build.0 = Release|Any CPU
		{691766B3-3BC8-4E4F-AA14-A960AF20167E}.Debug|Any CPU.ActiveCfg = Debug|Any CPU
		{691766B3-3BC8-4E4F-AA14-A960AF20167E}.Debug|Any CPU.Build.0 = Debug|Any CPU
		{691766B3-3BC8-4E4F-AA14-A960AF20167E}.Release|Any CPU.ActiveCfg = Release|Any CPU
		{691766B3-3BC8-4E4F-AA14-A960AF20167E}.Release|Any CPU.Build.0 = Release|Any CPU
		{A5DF6E52-AB8F-45AC-BF09-3CFE9BB22BA8}.Debug|Any CPU.ActiveCfg = Debug|Any CPU
		{A5DF6E52-AB8F-45AC-BF09-3CFE9BB22BA8}.Debug|Any CPU.Build.0 = Debug|Any CPU
		{A5DF6E52-AB8F-45AC-BF09-3CFE9BB22BA8}.Release|Any CPU.ActiveCfg = Release|Any CPU
		{A5DF6E52-AB8F-45AC-BF09-3CFE9BB22BA8}.Release|Any CPU.Build.0 = Release|Any CPU
		{EDACEC84-C5CA-4510-B2C1-01440423AE76}.Debug|Any CPU.ActiveCfg = Debug|Any CPU
		{EDACEC84-C5CA-4510-B2C1-01440423AE76}.Debug|Any CPU.Build.0 = Debug|Any CPU
		{EDACEC84-C5CA-4510-B2C1-01440423AE76}.Release|Any CPU.ActiveCfg = Release|Any CPU
		{EDACEC84-C5CA-4510-B2C1-01440423AE76}.Release|Any CPU.Build.0 = Release|Any CPU
	EndGlobalSection
	GlobalSection(SolutionProperties) = preSolution
		HideSolutionNode = FALSE
	EndGlobalSection
	GlobalSection(NestedProjects) = preSolution
		{696719CD-97FE-45BF-8E42-05E3880704D1} = {162F2364-6E52-453B-B66A-FD1DBB93B4C3}
		{DC4566AE-663D-4689-9E9A-626967CE9FEE} = {AB8EB3DB-721F-4DBC-AC3F-7C018CC12A63}
		{6B8DE898-F2BF-4F7B-A9D3-6EA77DF8DC80} = {34E47102-0635-4D72-8D6E-E47F2B0ED0A3}
		{D27A04BA-61BC-4D0F-A10F-C367A4CF457B} = {162F2364-6E52-453B-B66A-FD1DBB93B4C3}
		{3163DF9D-0688-4544-8F54-30662EF3D08A} = {C02DB00E-E465-4ED9-8E5E-4982543CF4F7}
		{691766B3-3BC8-4E4F-AA14-A960AF20167E} = {C02DB00E-E465-4ED9-8E5E-4982543CF4F7}
		{A5DF6E52-AB8F-45AC-BF09-3CFE9BB22BA8} = {5F7210FC-4DF2-4727-946B-F30C8C2B35DE}
		{EDACEC84-C5CA-4510-B2C1-01440423AE76} = {5F7210FC-4DF2-4727-946B-F30C8C2B35DE}
	EndGlobalSection
	GlobalSection(ExtensibilityGlobals) = postSolution
		SolutionGuid = {1270AB2C-D2F5-456A-BE1C-75277B25A645}
	EndGlobalSection
EndGlobal
